
Microsoft Visual Studio Solution File, Format Version 12.00
# Visual Studio 2012
Project("{2150E333-8FDC-42A3-9474-1A3956D46DE8}") = "Libraries", "Libraries", "{29DFF619-95DF-49DB-8774-EB8437E7EA53}"
EndProject
Project("{FAE04EC0-301F-11D3-BF4B-00C04F79EFBC}") = "ClientLibrary", "FaceApiClientLibrary\ClientLibrary.csproj", "{25D58BA5-660F-407B-803C-22B4547C09DC}"
EndProject
Project("{FAE04EC0-301F-11D3-BF4B-00C04F79EFBC}") = "Microsoft.ProjectOxford.Vision", "ClientLibrary\Microsoft.ProjectOxford.Vision.csproj", "{555D2260-8472-476A-8619-3654367C4DB0}"
EndProject
Project("{FAE04EC0-301F-11D3-BF4B-00C04F79EFBC}") = "WeixinServer", "WeixinServer\WeixinServer.csproj", "{AD21E48B-2AC6-47A0-BD53-C03761B95CDA}"
EndProject
Global
	GlobalSection(SolutionConfigurationPlatforms) = preSolution
		Debug|Any CPU = Debug|Any CPU
		Debug|Mixed Platforms = Debug|Mixed Platforms
		Debug|Win32 = Debug|Win32
		Debug|x86 = Debug|x86
		DebugWithoutPlugins|Any CPU = DebugWithoutPlugins|Any CPU
		DebugWithoutPlugins|Mixed Platforms = DebugWithoutPlugins|Mixed Platforms
		DebugWithoutPlugins|Win32 = DebugWithoutPlugins|Win32
		DebugWithoutPlugins|x86 = DebugWithoutPlugins|x86
		Release|Any CPU = Release|Any CPU
		Release|Mixed Platforms = Release|Mixed Platforms
		Release|Win32 = Release|Win32
		Release|x86 = Release|x86
	EndGlobalSection
	GlobalSection(ProjectConfigurationPlatforms) = postSolution
		{25D58BA5-660F-407B-803C-22B4547C09DC}.Debug|Any CPU.ActiveCfg = Debug|Any CPU
		{25D58BA5-660F-407B-803C-22B4547C09DC}.Debug|Any CPU.Build.0 = Debug|Any CPU
		{25D58BA5-660F-407B-803C-22B4547C09DC}.Debug|Mixed Platforms.ActiveCfg = Debug|Any CPU
		{25D58BA5-660F-407B-803C-22B4547C09DC}.Debug|Mixed Platforms.Build.0 = Debug|Any CPU
		{25D58BA5-660F-407B-803C-22B4547C09DC}.Debug|Win32.ActiveCfg = Debug|Any CPU
		{25D58BA5-660F-407B-803C-22B4547C09DC}.Debug|x86.ActiveCfg = Debug|Any CPU
		{25D58BA5-660F-407B-803C-22B4547C09DC}.DebugWithoutPlugins|Any CPU.ActiveCfg = Debug|Any CPU
		{25D58BA5-660F-407B-803C-22B4547C09DC}.DebugWithoutPlugins|Any CPU.Build.0 = Debug|Any CPU
		{25D58BA5-660F-407B-803C-22B4547C09DC}.DebugWithoutPlugins|Mixed Platforms.ActiveCfg = Debug|Any CPU
		{25D58BA5-660F-407B-803C-22B4547C09DC}.DebugWithoutPlugins|Mixed Platforms.Build.0 = Debug|Any CPU
		{25D58BA5-660F-407B-803C-22B4547C09DC}.DebugWithoutPlugins|Win32.ActiveCfg = Debug|Any CPU
		{25D58BA5-660F-407B-803C-22B4547C09DC}.DebugWithoutPlugins|x86.ActiveCfg = Debug|Any CPU
		{25D58BA5-660F-407B-803C-22B4547C09DC}.Release|Any CPU.ActiveCfg = Release|Any CPU
		{25D58BA5-660F-407B-803C-22B4547C09DC}.Release|Any CPU.Build.0 = Release|Any CPU
		{25D58BA5-660F-407B-803C-22B4547C09DC}.Release|Mixed Platforms.ActiveCfg = Release|Any CPU
		{25D58BA5-660F-407B-803C-22B4547C09DC}.Release|Mixed Platforms.Build.0 = Release|Any CPU
		{25D58BA5-660F-407B-803C-22B4547C09DC}.Release|Win32.ActiveCfg = Release|Any CPU
		{25D58BA5-660F-407B-803C-22B4547C09DC}.Release|x86.ActiveCfg = Release|Any CPU
		{555D2260-8472-476A-8619-3654367C4DB0}.Debug|Any CPU.ActiveCfg = Debug|Any CPU
		{555D2260-8472-476A-8619-3654367C4DB0}.Debug|Any CPU.Build.0 = Debug|Any CPU
		{555D2260-8472-476A-8619-3654367C4DB0}.Debug|Mixed Platforms.ActiveCfg = Debug|Any CPU
		{555D2260-8472-476A-8619-3654367C4DB0}.Debug|Mixed Platforms.Build.0 = Debug|Any CPU
		{555D2260-8472-476A-8619-3654367C4DB0}.Debug|Win32.ActiveCfg = Debug|Any CPU
		{555D2260-8472-476A-8619-3654367C4DB0}.Debug|x86.ActiveCfg = Debug|Any CPU
		{555D2260-8472-476A-8619-3654367C4DB0}.DebugWithoutPlugins|Any CPU.ActiveCfg = Debug|Any CPU
		{555D2260-8472-476A-8619-3654367C4DB0}.DebugWithoutPlugins|Any CPU.Build.0 = Debug|Any CPU
		{555D2260-8472-476A-8619-3654367C4DB0}.DebugWithoutPlugins|Mixed Platforms.ActiveCfg = Debug|Any CPU
		{555D2260-8472-476A-8619-3654367C4DB0}.DebugWithoutPlugins|Mixed Platforms.Build.0 = Debug|Any CPU
		{555D2260-8472-476A-8619-3654367C4DB0}.DebugWithoutPlugins|Win32.ActiveCfg = Debug|Any CPU
		{555D2260-8472-476A-8619-3654367C4DB0}.DebugWithoutPlugins|x86.ActiveCfg = Debug|Any CPU
		{555D2260-8472-476A-8619-3654367C4DB0}.Release|Any CPU.ActiveCfg = Release|Any CPU
		{555D2260-8472-476A-8619-3654367C4DB0}.Release|Any CPU.Build.0 = Release|Any CPU
		{555D2260-8472-476A-8619-3654367C4DB0}.Release|Mixed Platforms.ActiveCfg = Release|Any CPU
		{555D2260-8472-476A-8619-3654367C4DB0}.Release|Mixed Platforms.Build.0 = Release|Any CPU
		{555D2260-8472-476A-8619-3654367C4DB0}.Release|Win32.ActiveCfg = Release|Any CPU
		{555D2260-8472-476A-8619-3654367C4DB0}.Release|x86.ActiveCfg = Release|Any CPU
		{AD21E48B-2AC6-47A0-BD53-C03761B95CDA}.Debug|Any CPU.ActiveCfg = Debug|Any CPU
		{AD21E48B-2AC6-47A0-BD53-C03761B95CDA}.Debug|Any CPU.Build.0 = Debug|Any CPU
		{AD21E48B-2AC6-47A0-BD53-C03761B95CDA}.Debug|Mixed Platforms.ActiveCfg = Debug|Any CPU
		{AD21E48B-2AC6-47A0-BD53-C03761B95CDA}.Debug|Mixed Platforms.Build.0 = Debug|Any CPU
		{AD21E48B-2AC6-47A0-BD53-C03761B95CDA}.Debug|Win32.ActiveCfg = Debug|Any CPU
		{AD21E48B-2AC6-47A0-BD53-C03761B95CDA}.Debug|x86.ActiveCfg = Debug|Any CPU
		{AD21E48B-2AC6-47A0-BD53-C03761B95CDA}.DebugWithoutPlugins|Any CPU.ActiveCfg = Debug|Any CPU
		{AD21E48B-2AC6-47A0-BD53-C03761B95CDA}.DebugWithoutPlugins|Any CPU.Build.0 = Debug|Any CPU
		{AD21E48B-2AC6-47A0-BD53-C03761B95CDA}.DebugWithoutPlugins|Mixed Platforms.ActiveCfg = Debug|Any CPU
		{AD21E48B-2AC6-47A0-BD53-C03761B95CDA}.DebugWithoutPlugins|Mixed Platforms.Build.0 = Debug|Any CPU
		{AD21E48B-2AC6-47A0-BD53-C03761B95CDA}.DebugWithoutPlugins|Win32.ActiveCfg = Debug|Any CPU
		{AD21E48B-2AC6-47A0-BD53-C03761B95CDA}.DebugWithoutPlugins|x86.ActiveCfg = Debug|Any CPU
		{AD21E48B-2AC6-47A0-BD53-C03761B95CDA}.Release|Any CPU.ActiveCfg = Release|Any CPU
		{AD21E48B-2AC6-47A0-BD53-C03761B95CDA}.Release|Any CPU.Build.0 = Release|Any CPU
		{AD21E48B-2AC6-47A0-BD53-C03761B95CDA}.Release|Mixed Platforms.ActiveCfg = Release|Any CPU
		{AD21E48B-2AC6-47A0-BD53-C03761B95CDA}.Release|Mixed Platforms.Build.0 = Release|Any CPU
		{AD21E48B-2AC6-47A0-BD53-C03761B95CDA}.Release|Win32.ActiveCfg = Release|Any CPU
		{AD21E48B-2AC6-47A0-BD53-C03761B95CDA}.Release|x86.ActiveCfg = Release|Any CPU
	EndGlobalSection
	GlobalSection(SolutionProperties) = preSolution
		HideSolutionNode = FALSE
	EndGlobalSection
EndGlobal
